
Microsoft Visual Studio Solution File, Format Version 12.00
# Visual Studio Version 17
VisualStudioVersion = 17.1.32407.343
MinimumVisualStudioVersion = 10.0.40219.1
Project("{9A19103F-16F7-4668-BE54-9A1E7A4F7556}") = "Course_Work", "Course_Work.csproj", "{81E53F0E-4C34-49FC-AE34-87E022277932}"
EndProject
Global
	GlobalSection(SolutionConfigurationPlatforms) = preSolution
		Debug|Any CPU = Debug|Any CPU
		Release|Any CPU = Release|Any CPU
	EndGlobalSection
	GlobalSection(ProjectConfigurationPlatforms) = postSolution
		{81E53F0E-4C34-49FC-AE34-87E022277932}.Debug|Any CPU.ActiveCfg = Debug|Any CPU
		{81E53F0E-4C34-49FC-AE34-87E022277932}.Debug|Any CPU.Build.0 = Debug|Any CPU
		{81E53F0E-4C34-49FC-AE34-87E022277932}.Release|Any CPU.ActiveCfg = Release|Any CPU
		{81E53F0E-4C34-49FC-AE34-87E022277932}.Release|Any CPU.Build.0 = Release|Any CPU
	EndGlobalSection
	GlobalSection(SolutionProperties) = preSolution
		HideSolutionNode = FALSE
	EndGlobalSection
	GlobalSection(ExtensibilityGlobals) = postSolution
		SolutionGuid = {AF9F0D06-D9B0-4C17-AA94-AA02FF298711}
	EndGlobalSection
EndGlobal
